<Solution>
  <Folder Name="/01CreationalPatterns/">
    <Project Path="01CreationalPatterns/01SingletonPattern/01SingletonPattern.csproj" Id="87a1806f-9eae-49a0-9e0d-a0e9ac7cbf18" />
    <Project Path="01CreationalPatterns/02FactoryPattern/02FactoryPattern.csproj" Id="75808d0c-c0d5-441c-a1d4-1aae668d6408" />
    <Project Path="01CreationalPatterns/03AbstractFactoryPattern/03AbstractFactoryPattern.csproj" Id="c3aaa838-cc7c-4bd2-91c6-bf9cd4ff82d3" />
    <Project Path="01CreationalPatterns/04BuilderPattern/04BuilderPattern.csproj" Id="b6588150-0461-4f49-a5cb-7b0ce277eb05" />
    <Project Path="01CreationalPatterns/05PrototyePattern/05PrototyePattern.csproj" Id="ebc5d860-c5cb-4bd1-a6d4-6f6faab6cb80" />
  </Folder>
  <Folder Name="/02StructuralPatterns/">
    <Project Path="02StructuralPatterns/01AdapterPattern/01AdapterPattern.csproj" Id="76379e43-affa-4cee-bd2e-d8e375b8020f" />
    <Project Path="02StructuralPatterns/02BridgePattern/02BridgePattern.csproj" Id="e79a98f4-28b9-4ca6-9f7a-7300801cf118" />
  </Folder>
  <Folder Name="/Solution Items/">
    <File Path="README.md" />
  </Folder>
</Solution>
